
Microsoft Visual Studio Solution File, Format Version 12.00
# Visual Studio Version 17
VisualStudioVersion = 17.13.35931.197 d17.13
MinimumVisualStudioVersion = 10.0.40219.1
Project("{FAE04EC0-301F-11D3-BF4B-00C04F79EFBC}") = "PharmacyStoreManagement", "PharmacyStoreManagement.csproj", "{7F137D1C-9091-4B3A-B6BF-A6C66A5252DD}"
EndProject
Global
	GlobalSection(SolutionConfigurationPlatforms) = preSolution
		Debug|Any CPU = Debug|Any CPU
		Release|Any CPU = Release|Any CPU
	EndGlobalSection
	GlobalSection(ProjectConfigurationPlatforms) = postSolution
		{7F137D1C-9091-4B3A-B6BF-A6C66A5252DD}.Debug|Any CPU.ActiveCfg = Debug|Any CPU
		{7F137D1C-9091-4B3A-B6BF-A6C66A5252DD}.Debug|Any CPU.Build.0 = Debug|Any CPU
		{7F137D1C-9091-4B3A-B6BF-A6C66A5252DD}.Release|Any CPU.ActiveCfg = Release|Any CPU
		{7F137D1C-9091-4B3A-B6BF-A6C66A5252DD}.Release|Any CPU.Build.0 = Release|Any CPU
	EndGlobalSection
	GlobalSection(SolutionProperties) = preSolution
		HideSolutionNode = FALSE
	EndGlobalSection
	GlobalSection(ExtensibilityGlobals) = postSolution
		SolutionGuid = {29586B3C-11EE-4F41-9E90-51197C2FCF24}
	EndGlobalSection
EndGlobal
